
Microsoft Visual Studio Solution File, Format Version 12.00
# Visual Studio 15
VisualStudioVersion = 15.0.27004.2008
MinimumVisualStudioVersion = 10.0.40219.1
Project("{FAE04EC0-301F-11D3-BF4B-00C04F79EFBC}") = "osuFileArchiver", "osuFileArchiver\osuFileArchiver.csproj", "{59A8A00B-B298-4CC6-9214-E0365424D916}"
EndProject
Project("{FAE04EC0-301F-11D3-BF4B-00C04F79EFBC}") = "ShellHandler", "Shell Handler\ShellHandler.csproj", "{F4D1A916-5331-4E26-A675-BEAC49DA84B1}"
EndProject
Project("{FAE04EC0-301F-11D3-BF4B-00C04F79EFBC}") = "Shell Handler Tester", "Shell Handler Tester\Shell Handler Tester.csproj", "{DF4EE4DA-3C32-4C1D-8B3F-812C9602AD83}"
EndProject
Project("{840C416C-B8F3-42BC-B0DD-F6BB14C9F8CB}") = "Setup Project", "Setup Project\Setup Project.aiproj", "{283A1528-D936-454A-B41E-7686D83B2313}"
EndProject
Global
	GlobalSection(SolutionConfigurationPlatforms) = preSolution
		Debug|Any CPU = Debug|Any CPU
		Debug|x64 = Debug|x64
		Debug|x86 = Debug|x86
		DefaultBuild|Any CPU = DefaultBuild|Any CPU
		DefaultBuild|x64 = DefaultBuild|x64
		DefaultBuild|x86 = DefaultBuild|x86
		Release|Any CPU = Release|Any CPU
		Release|x64 = Release|x64
		Release|x86 = Release|x86
	EndGlobalSection
	GlobalSection(ProjectConfigurationPlatforms) = postSolution
		{59A8A00B-B298-4CC6-9214-E0365424D916}.Debug|Any CPU.ActiveCfg = Debug|Any CPU
		{59A8A00B-B298-4CC6-9214-E0365424D916}.Debug|Any CPU.Build.0 = Debug|Any CPU
		{59A8A00B-B298-4CC6-9214-E0365424D916}.Debug|x64.ActiveCfg = Debug|Any CPU
		{59A8A00B-B298-4CC6-9214-E0365424D916}.Debug|x64.Build.0 = Debug|Any CPU
		{59A8A00B-B298-4CC6-9214-E0365424D916}.Debug|x86.ActiveCfg = Debug|Any CPU
		{59A8A00B-B298-4CC6-9214-E0365424D916}.Debug|x86.Build.0 = Debug|Any CPU
		{59A8A00B-B298-4CC6-9214-E0365424D916}.DefaultBuild|Any CPU.ActiveCfg = Debug|Any CPU
		{59A8A00B-B298-4CC6-9214-E0365424D916}.DefaultBuild|Any CPU.Build.0 = Debug|Any CPU
		{59A8A00B-B298-4CC6-9214-E0365424D916}.DefaultBuild|x64.ActiveCfg = Debug|Any CPU
		{59A8A00B-B298-4CC6-9214-E0365424D916}.DefaultBuild|x64.Build.0 = Debug|Any CPU
		{59A8A00B-B298-4CC6-9214-E0365424D916}.DefaultBuild|x86.ActiveCfg = Debug|Any CPU
		{59A8A00B-B298-4CC6-9214-E0365424D916}.DefaultBuild|x86.Build.0 = Debug|Any CPU
		{59A8A00B-B298-4CC6-9214-E0365424D916}.Release|Any CPU.ActiveCfg = Release|Any CPU
		{59A8A00B-B298-4CC6-9214-E0365424D916}.Release|Any CPU.Build.0 = Release|Any CPU
		{59A8A00B-B298-4CC6-9214-E0365424D916}.Release|x64.ActiveCfg = Release|Any CPU
		{59A8A00B-B298-4CC6-9214-E0365424D916}.Release|x64.Build.0 = Release|Any CPU
		{59A8A00B-B298-4CC6-9214-E0365424D916}.Release|x86.ActiveCfg = Release|Any CPU
		{59A8A00B-B298-4CC6-9214-E0365424D916}.Release|x86.Build.0 = Release|Any CPU
		{F4D1A916-5331-4E26-A675-BEAC49DA84B1}.Debug|Any CPU.ActiveCfg = Debug|Any CPU
		{F4D1A916-5331-4E26-A675-BEAC49DA84B1}.Debug|Any CPU.Build.0 = Debug|Any CPU
		{F4D1A916-5331-4E26-A675-BEAC49DA84B1}.Debug|x64.ActiveCfg = Debug|Any CPU
		{F4D1A916-5331-4E26-A675-BEAC49DA84B1}.Debug|x64.Build.0 = Debug|Any CPU
		{F4D1A916-5331-4E26-A675-BEAC49DA84B1}.Debug|x86.ActiveCfg = Debug|Any CPU
		{F4D1A916-5331-4E26-A675-BEAC49DA84B1}.Debug|x86.Build.0 = Debug|Any CPU
		{F4D1A916-5331-4E26-A675-BEAC49DA84B1}.DefaultBuild|Any CPU.ActiveCfg = Debug|Any CPU
		{F4D1A916-5331-4E26-A675-BEAC49DA84B1}.DefaultBuild|Any CPU.Build.0 = Debug|Any CPU
		{F4D1A916-5331-4E26-A675-BEAC49DA84B1}.DefaultBuild|x64.ActiveCfg = Debug|Any CPU
		{F4D1A916-5331-4E26-A675-BEAC49DA84B1}.DefaultBuild|x64.Build.0 = Debug|Any CPU
		{F4D1A916-5331-4E26-A675-BEAC49DA84B1}.DefaultBuild|x86.ActiveCfg = Debug|Any CPU
		{F4D1A916-5331-4E26-A675-BEAC49DA84B1}.DefaultBuild|x86.Build.0 = Debug|Any CPU
		{F4D1A916-5331-4E26-A675-BEAC49DA84B1}.Release|Any CPU.ActiveCfg = Release|Any CPU
		{F4D1A916-5331-4E26-A675-BEAC49DA84B1}.Release|Any CPU.Build.0 = Release|Any CPU
		{F4D1A916-5331-4E26-A675-BEAC49DA84B1}.Release|x64.ActiveCfg = Release|Any CPU
		{F4D1A916-5331-4E26-A675-BEAC49DA84B1}.Release|x64.Build.0 = Release|Any CPU
		{F4D1A916-5331-4E26-A675-BEAC49DA84B1}.Release|x86.ActiveCfg = Release|Any CPU
		{F4D1A916-5331-4E26-A675-BEAC49DA84B1}.Release|x86.Build.0 = Release|Any CPU
		{DF4EE4DA-3C32-4C1D-8B3F-812C9602AD83}.Debug|Any CPU.ActiveCfg = Debug|Any CPU
		{DF4EE4DA-3C32-4C1D-8B3F-812C9602AD83}.Debug|Any CPU.Build.0 = Debug|Any CPU
		{DF4EE4DA-3C32-4C1D-8B3F-812C9602AD83}.Debug|x64.ActiveCfg = Debug|Any CPU
		{DF4EE4DA-3C32-4C1D-8B3F-812C9602AD83}.Debug|x64.Build.0 = Debug|Any CPU
		{DF4EE4DA-3C32-4C1D-8B3F-812C9602AD83}.Debug|x86.ActiveCfg = Debug|Any CPU
		{DF4EE4DA-3C32-4C1D-8B3F-812C9602AD83}.Debug|x86.Build.0 = Debug|Any CPU
		{DF4EE4DA-3C32-4C1D-8B3F-812C9602AD83}.DefaultBuild|Any CPU.ActiveCfg = Debug|Any CPU
		{DF4EE4DA-3C32-4C1D-8B3F-812C9602AD83}.DefaultBuild|Any CPU.Build.0 = Debug|Any CPU
		{DF4EE4DA-3C32-4C1D-8B3F-812C9602AD83}.DefaultBuild|x64.ActiveCfg = Debug|Any CPU
		{DF4EE4DA-3C32-4C1D-8B3F-812C9602AD83}.DefaultBuild|x64.Build.0 = Debug|Any CPU
		{DF4EE4DA-3C32-4C1D-8B3F-812C9602AD83}.DefaultBuild|x86.ActiveCfg = Debug|Any CPU
		{DF4EE4DA-3C32-4C1D-8B3F-812C9602AD83}.DefaultBuild|x86.Build.0 = Debug|Any CPU
		{DF4EE4DA-3C32-4C1D-8B3F-812C9602AD83}.Release|Any CPU.ActiveCfg = Release|Any CPU
		{DF4EE4DA-3C32-4C1D-8B3F-812C9602AD83}.Release|Any CPU.Build.0 = Release|Any CPU
		{DF4EE4DA-3C32-4C1D-8B3F-812C9602AD83}.Release|x64.ActiveCfg = Release|Any CPU
		{DF4EE4DA-3C32-4C1D-8B3F-812C9602AD83}.Release|x64.Build.0 = Release|Any CPU
		{DF4EE4DA-3C32-4C1D-8B3F-812C9602AD83}.Release|x86.ActiveCfg = Release|Any CPU
		{DF4EE4DA-3C32-4C1D-8B3F-812C9602AD83}.Release|x86.Build.0 = Release|Any CPU
		{283A1528-D936-454A-B41E-7686D83B2313}.Debug|Any CPU.ActiveCfg = DefaultBuild
		{283A1528-D936-454A-B41E-7686D83B2313}.Debug|Any CPU.Build.0 = DefaultBuild
		{283A1528-D936-454A-B41E-7686D83B2313}.Debug|x64.ActiveCfg = DefaultBuild
		{283A1528-D936-454A-B41E-7686D83B2313}.Debug|x64.Build.0 = DefaultBuild
		{283A1528-D936-454A-B41E-7686D83B2313}.Debug|x86.ActiveCfg = DefaultBuild
		{283A1528-D936-454A-B41E-7686D83B2313}.Debug|x86.Build.0 = DefaultBuild
		{283A1528-D936-454A-B41E-7686D83B2313}.DefaultBuild|Any CPU.ActiveCfg = DefaultBuild
		{283A1528-D936-454A-B41E-7686D83B2313}.DefaultBuild|Any CPU.Build.0 = DefaultBuild
		{283A1528-D936-454A-B41E-7686D83B2313}.DefaultBuild|x64.ActiveCfg = DefaultBuild
		{283A1528-D936-454A-B41E-7686D83B2313}.DefaultBuild|x64.Build.0 = DefaultBuild
		{283A1528-D936-454A-B41E-7686D83B2313}.DefaultBuild|x86.ActiveCfg = DefaultBuild
		{283A1528-D936-454A-B41E-7686D83B2313}.DefaultBuild|x86.Build.0 = DefaultBuild
		{283A1528-D936-454A-B41E-7686D83B2313}.Release|Any CPU.ActiveCfg = DefaultBuild
		{283A1528-D936-454A-B41E-7686D83B2313}.Release|Any CPU.Build.0 = DefaultBuild
		{283A1528-D936-454A-B41E-7686D83B2313}.Release|x64.ActiveCfg = DefaultBuild
		{283A1528-D936-454A-B41E-7686D83B2313}.Release|x64.Build.0 = DefaultBuild
		{283A1528-D936-454A-B41E-7686D83B2313}.Release|x86.ActiveCfg = DefaultBuild
		{283A1528-D936-454A-B41E-7686D83B2313}.Release|x86.Build.0 = DefaultBuild
	EndGlobalSection
	GlobalSection(SolutionProperties) = preSolution
		HideSolutionNode = FALSE
	EndGlobalSection
	GlobalSection(ExtensibilityGlobals) = postSolution
		SolutionGuid = {10330DBE-C709-4191-B35D-3DA70D4CC673}
	EndGlobalSection
EndGlobal
